
Microsoft Visual Studio Solution File, Format Version 12.00
# Visual Studio 15
VisualStudioVersion = 15.0.28307.852
MinimumVisualStudioVersion = 10.0.40219.1
Project("{FAE04EC0-301F-11D3-BF4B-00C04F79EFBC}") = "Veri_Tabanli_Parti_Seçim_Grafik_İstatistik", "Veri_Tabanli_Parti_Seçim_Grafik_İstatistik\Veri_Tabanli_Parti_Seçim_Grafik_İstatistik.csproj", "{93434156-8721-4672-AC14-873A6ED47562}"
EndProject
Global
	GlobalSection(SolutionConfigurationPlatforms) = preSolution
		Debug|Any CPU = Debug|Any CPU
		Release|Any CPU = Release|Any CPU
	EndGlobalSection
	GlobalSection(ProjectConfigurationPlatforms) = postSolution
		{93434156-8721-4672-AC14-873A6ED47562}.Debug|Any CPU.ActiveCfg = Debug|Any CPU
		{93434156-8721-4672-AC14-873A6ED47562}.Debug|Any CPU.Build.0 = Debug|Any CPU
		{93434156-8721-4672-AC14-873A6ED47562}.Release|Any CPU.ActiveCfg = Release|Any CPU
		{93434156-8721-4672-AC14-873A6ED47562}.Release|Any CPU.Build.0 = Release|Any CPU
	EndGlobalSection
	GlobalSection(SolutionProperties) = preSolution
		HideSolutionNode = FALSE
	EndGlobalSection
	GlobalSection(ExtensibilityGlobals) = postSolution
		SolutionGuid = {BBCE6990-73E5-47FE-96C8-9D2CE47B1CF5}
	EndGlobalSection
EndGlobal
